
Microsoft Visual Studio Solution File, Format Version 12.00
# Visual Studio 15
VisualStudioVersion = 15.0.26129.1
MinimumVisualStudioVersion = 10.0.40219.1
Project("{2150E333-8FDC-42A3-9474-1A3956D46DE8}") = "src", "src", "{42F91170-4F18-4DF3-BF47-484EFCC38D96}"
EndProject
Project("{2150E333-8FDC-42A3-9474-1A3956D46DE8}") = "test", "test", "{3B1416ED-CF05-4723-B908-3EE4D5A1C116}"
EndProject
Project("{9A19103F-16F7-4668-BE54-9A1E7A4F7556}") = "STAExtensions", "src\STAExtensions\STAExtensions.csproj", "{D9C500BC-6D51-42CD-9330-3ECBFAE134D0}"
EndProject
Project("{9A19103F-16F7-4668-BE54-9A1E7A4F7556}") = "STAExtensions.UnitTests", "test\STAExtensions.UnitTests\STAExtensions.UnitTests.csproj", "{137F7B46-8BB0-4DA5-85B8-B1D87CC621F7}"
EndProject
Global
	GlobalSection(SolutionConfigurationPlatforms) = preSolution
		Debug|Any CPU = Debug|Any CPU
		Debug|x64 = Debug|x64
		Debug|x86 = Debug|x86
		Release|Any CPU = Release|Any CPU
		Release|x64 = Release|x64
		Release|x86 = Release|x86
	EndGlobalSection
	GlobalSection(ProjectConfigurationPlatforms) = postSolution
		{D9C500BC-6D51-42CD-9330-3ECBFAE134D0}.Debug|Any CPU.ActiveCfg = Debug|Any CPU
		{D9C500BC-6D51-42CD-9330-3ECBFAE134D0}.Debug|Any CPU.Build.0 = Debug|Any CPU
		{D9C500BC-6D51-42CD-9330-3ECBFAE134D0}.Debug|x64.ActiveCfg = Debug|x64
		{D9C500BC-6D51-42CD-9330-3ECBFAE134D0}.Debug|x64.Build.0 = Debug|x64
		{D9C500BC-6D51-42CD-9330-3ECBFAE134D0}.Debug|x86.ActiveCfg = Debug|x86
		{D9C500BC-6D51-42CD-9330-3ECBFAE134D0}.Debug|x86.Build.0 = Debug|x86
		{D9C500BC-6D51-42CD-9330-3ECBFAE134D0}.Release|Any CPU.ActiveCfg = Release|Any CPU
		{D9C500BC-6D51-42CD-9330-3ECBFAE134D0}.Release|Any CPU.Build.0 = Release|Any CPU
		{D9C500BC-6D51-42CD-9330-3ECBFAE134D0}.Release|x64.ActiveCfg = Release|x64
		{D9C500BC-6D51-42CD-9330-3ECBFAE134D0}.Release|x64.Build.0 = Release|x64
		{D9C500BC-6D51-42CD-9330-3ECBFAE134D0}.Release|x86.ActiveCfg = Release|x86
		{D9C500BC-6D51-42CD-9330-3ECBFAE134D0}.Release|x86.Build.0 = Release|x86
		{137F7B46-8BB0-4DA5-85B8-B1D87CC621F7}.Debug|Any CPU.ActiveCfg = Debug|Any CPU
		{137F7B46-8BB0-4DA5-85B8-B1D87CC621F7}.Debug|Any CPU.Build.0 = Debug|Any CPU
		{137F7B46-8BB0-4DA5-85B8-B1D87CC621F7}.Debug|x64.ActiveCfg = Debug|x64
		{137F7B46-8BB0-4DA5-85B8-B1D87CC621F7}.Debug|x64.Build.0 = Debug|x64
		{137F7B46-8BB0-4DA5-85B8-B1D87CC621F7}.Debug|x86.ActiveCfg = Debug|x86
		{137F7B46-8BB0-4DA5-85B8-B1D87CC621F7}.Debug|x86.Build.0 = Debug|x86
		{137F7B46-8BB0-4DA5-85B8-B1D87CC621F7}.Release|Any CPU.ActiveCfg = Release|Any CPU
		{137F7B46-8BB0-4DA5-85B8-B1D87CC621F7}.Release|Any CPU.Build.0 = Release|Any CPU
		{137F7B46-8BB0-4DA5-85B8-B1D87CC621F7}.Release|x64.ActiveCfg = Release|x64
		{137F7B46-8BB0-4DA5-85B8-B1D87CC621F7}.Release|x64.Build.0 = Release|x64
		{137F7B46-8BB0-4DA5-85B8-B1D87CC621F7}.Release|x86.ActiveCfg = Release|x86
		{137F7B46-8BB0-4DA5-85B8-B1D87CC621F7}.Release|x86.Build.0 = Release|x86
	EndGlobalSection
	GlobalSection(SolutionProperties) = preSolution
		HideSolutionNode = FALSE
	EndGlobalSection
	GlobalSection(NestedProjects) = preSolution
		{D9C500BC-6D51-42CD-9330-3ECBFAE134D0} = {42F91170-4F18-4DF3-BF47-484EFCC38D96}
		{137F7B46-8BB0-4DA5-85B8-B1D87CC621F7} = {3B1416ED-CF05-4723-B908-3EE4D5A1C116}
	EndGlobalSection
EndGlobal
